// !$*UTF8*$!
{
	archiveVersion = 1;
	classes = {
	};
	objectVersion = 56;
	objects = {

/* Begin PBXBuildFile section */
		A2740A442CE4F159005FB23C /* MainView.swift in Sources */ = {isa = PBXBuildFile; fileRef = A2740A432CE4F159005FB23C /* MainView.swift */; };
		A2740A472CE4F210005FB23C /* TextExample.swift in Sources */ = {isa = PBXBuildFile; fileRef = A2740A462CE4F210005FB23C /* TextExample.swift */; };
		A2740A492CE51123005FB23C /* ImageExample.swift in Sources */ = {isa = PBXBuildFile; fileRef = A2740A482CE51123005FB23C /* ImageExample.swift */; };
		A2740A4B2CE522A8005FB23C /* LabelExample.swift in Sources */ = {isa = PBXBuildFile; fileRef = A2740A4A2CE522A8005FB23C /* LabelExample.swift */; };
		A2740A4D2CE53269005FB23C /* ButtonExample.swift in Sources */ = {isa = PBXBuildFile; fileRef = A2740A4C2CE53269005FB23C /* ButtonExample.swift */; };
		A2740A4F2CE5CE71005FB23C /* TextField.swift in Sources */ = {isa = PBXBuildFile; fileRef = A2740A4E2CE5CE71005FB23C /* TextField.swift */; };
		A2EB7B882CDA9A680090039D /* CursoiOSApp.swift in Sources */ = {isa = PBXBuildFile; fileRef = A2EB7B872CDA9A680090039D /* CursoiOSApp.swift */; };
		A2EB7B8A2CDA9A680090039D /* Exercise1.swift in Sources */ = {isa = PBXBuildFile; fileRef = A2EB7B892CDA9A680090039D /* Exercise1.swift */; };
		A2EB7B8C2CDA9A690090039D /* Assets.xcassets in Resources */ = {isa = PBXBuildFile; fileRef = A2EB7B8B2CDA9A690090039D /* Assets.xcassets */; };
		A2EB7B8F2CDA9A690090039D /* Preview Assets.xcassets in Resources */ = {isa = PBXBuildFile; fileRef = A2EB7B8E2CDA9A690090039D /* Preview Assets.xcassets */; };
		A2EB7B992CDA9A690090039D /* CursoiOSTests.swift in Sources */ = {isa = PBXBuildFile; fileRef = A2EB7B982CDA9A690090039D /* CursoiOSTests.swift */; };
		A2EB7BA32CDA9A690090039D /* CursoiOSUITests.swift in Sources */ = {isa = PBXBuildFile; fileRef = A2EB7BA22CDA9A690090039D /* CursoiOSUITests.swift */; };
		A2EB7BA52CDA9A690090039D /* CursoiOSUITestsLaunchTests.swift in Sources */ = {isa = PBXBuildFile; fileRef = A2EB7BA42CDA9A690090039D /* CursoiOSUITestsLaunchTests.swift */; };
/* End PBXBuildFile section */

/* Begin PBXContainerItemProxy section */
		A2EB7B952CDA9A690090039D /* PBXContainerItemProxy */ = {
			isa = PBXContainerItemProxy;
			containerPortal = A2EB7B7C2CDA9A680090039D /* Project object */;
			proxyType = 1;
			remoteGlobalIDString = A2EB7B832CDA9A680090039D;
			remoteInfo = CursoiOS;
		};
		A2EB7B9F2CDA9A690090039D /* PBXContainerItemProxy */ = {
			isa = PBXContainerItemProxy;
			containerPortal = A2EB7B7C2CDA9A680090039D /* Project object */;
			proxyType = 1;
			remoteGlobalIDString = A2EB7B832CDA9A680090039D;
			remoteInfo = CursoiOS;
		};
/* End PBXContainerItemProxy section */

/* Begin PBXFileReference section */
		A2740A432CE4F159005FB23C /* MainView.swift */ = {isa = PBXFileReference; lastKnownFileType = sourcecode.swift; path = MainView.swift; sourceTree = "<group>"; };
		A2740A462CE4F210005FB23C /* TextExample.swift */ = {isa = PBXFileReference; lastKnownFileType = sourcecode.swift; path = TextExample.swift; sourceTree = "<group>"; };
		A2740A482CE51123005FB23C /* ImageExample.swift */ = {isa = PBXFileReference; lastKnownFileType = sourcecode.swift; path = ImageExample.swift; sourceTree = "<group>"; };
		A2740A4A2CE522A8005FB23C /* LabelExample.swift */ = {isa = PBXFileReference; lastKnownFileType = sourcecode.swift; path = LabelExample.swift; sourceTree = "<group>"; };
		A2740A4C2CE53269005FB23C /* ButtonExample.swift */ = {isa = PBXFileReference; lastKnownFileType = sourcecode.swift; path = ButtonExample.swift; sourceTree = "<group>"; };
		A2740A4E2CE5CE71005FB23C /* TextField.swift */ = {isa = PBXFileReference; lastKnownFileType = sourcecode.swift; path = TextField.swift; sourceTree = "<group>"; };
		A2EB7B842CDA9A680090039D /* CursoiOS.app */ = {isa = PBXFileReference; explicitFileType = wrapper.application; includeInIndex = 0; path = CursoiOS.app; sourceTree = BUILT_PRODUCTS_DIR; };
		A2EB7B872CDA9A680090039D /* CursoiOSApp.swift */ = {isa = PBXFileReference; lastKnownFileType = sourcecode.swift; path = CursoiOSApp.swift; sourceTree = "<group>"; };
		A2EB7B892CDA9A680090039D /* Exercise1.swift */ = {isa = PBXFileReference; lastKnownFileType = sourcecode.swift; path = Exercise1.swift; sourceTree = "<group>"; };
		A2EB7B8B2CDA9A690090039D /* Assets.xcassets */ = {isa = PBXFileReference; lastKnownFileType = folder.assetcatalog; path = Assets.xcassets; sourceTree = "<group>"; };
		A2EB7B8E2CDA9A690090039D /* Preview Assets.xcassets */ = {isa = PBXFileReference; lastKnownFileType = folder.assetcatalog; path = "Preview Assets.xcassets"; sourceTree = "<group>"; };
		A2EB7B942CDA9A690090039D /* CursoiOSTests.xctest */ = {isa = PBXFileReference; explicitFileType = wrapper.cfbundle; includeInIndex = 0; path = CursoiOSTests.xctest; sourceTree = BUILT_PRODUCTS_DIR; };
		A2EB7B982CDA9A690090039D /* CursoiOSTests.swift */ = {isa = PBXFileReference; lastKnownFileType = sourcecode.swift; path = CursoiOSTests.swift; sourceTree = "<group>"; };
		A2EB7B9E2CDA9A690090039D /* CursoiOSUITests.xctest */ = {isa = PBXFileReference; explicitFileType = wrapper.cfbundle; includeInIndex = 0; path = CursoiOSUITests.xctest; sourceTree = BUILT_PRODUCTS_DIR; };
		A2EB7BA22CDA9A690090039D /* CursoiOSUITests.swift */ = {isa = PBXFileReference; lastKnownFileType = sourcecode.swift; path = CursoiOSUITests.swift; sourceTree = "<group>"; };
		A2EB7BA42CDA9A690090039D /* CursoiOSUITestsLaunchTests.swift */ = {isa = PBXFileReference; lastKnownFileType = sourcecode.swift; path = CursoiOSUITestsLaunchTests.swift; sourceTree = "<group>"; };
/* End PBXFileReference section */

/* Begin PBXFrameworksBuildPhase section */
		A2EB7B812CDA9A680090039D /* Frameworks */ = {
			isa = PBXFrameworksBuildPhase;
			buildActionMask = 2147483647;
			files = (
			);
			runOnlyForDeploymentPostprocessing = 0;
		};
		A2EB7B912CDA9A690090039D /* Frameworks */ = {
			isa = PBXFrameworksBuildPhase;
			buildActionMask = 2147483647;
			files = (
			);
			runOnlyForDeploymentPostprocessing = 0;
		};
		A2EB7B9B2CDA9A690090039D /* Frameworks */ = {
			isa = PBXFrameworksBuildPhase;
			buildActionMask = 2147483647;
			files = (
			);
			runOnlyForDeploymentPostprocessing = 0;
		};
/* End PBXFrameworksBuildPhase section */

/* Begin PBXGroup section */
		A2740A402CE4F0C7005FB23C /* Exercises */ = {
			isa = PBXGroup;
			children = (
				A2EB7B892CDA9A680090039D /* Exercise1.swift */,
			);
			path = Exercises;
			sourceTree = "<group>";
		};
		A2740A452CE4F19A005FB23C /* Components */ = {
			isa = PBXGroup;
			children = (
				A2740A462CE4F210005FB23C /* TextExample.swift */,
				A2740A482CE51123005FB23C /* ImageExample.swift */,
				A2740A4A2CE522A8005FB23C /* LabelExample.swift */,
				A2740A4C2CE53269005FB23C /* ButtonExample.swift */,
				A2740A4E2CE5CE71005FB23C /* TextField.swift */,
			);
			path = Components;
			sourceTree = "<group>";
		};
		A2EB7B7B2CDA9A680090039D = {
			isa = PBXGroup;
			children = (
				A2EB7B862CDA9A680090039D /* CursoiOS */,
				A2EB7B972CDA9A690090039D /* CursoiOSTests */,
				A2EB7BA12CDA9A690090039D /* CursoiOSUITests */,
				A2EB7B852CDA9A680090039D /* Products */,
			);
			sourceTree = "<group>";
		};
		A2EB7B852CDA9A680090039D /* Products */ = {
			isa = PBXGroup;
			children = (
				A2EB7B842CDA9A680090039D /* CursoiOS.app */,
				A2EB7B942CDA9A690090039D /* CursoiOSTests.xctest */,
				A2EB7B9E2CDA9A690090039D /* CursoiOSUITests.xctest */,
			);
			name = Products;
			sourceTree = "<group>";
		};
		A2EB7B862CDA9A680090039D /* CursoiOS */ = {
			isa = PBXGroup;
			children = (
				A2740A452CE4F19A005FB23C /* Components */,
				A2740A402CE4F0C7005FB23C /* Exercises */,
				A2EB7B872CDA9A680090039D /* CursoiOSApp.swift */,
				A2740A432CE4F159005FB23C /* MainView.swift */,
				A2EB7B8B2CDA9A690090039D /* Assets.xcassets */,
				A2EB7B8D2CDA9A690090039D /* Preview Content */,
			);
			path = CursoiOS;
			sourceTree = "<group>";
		};
		A2EB7B8D2CDA9A690090039D /* Preview Content */ = {
			isa = PBXGroup;
			children = (
				A2EB7B8E2CDA9A690090039D /* Preview Assets.xcassets */,
			);
			path = "Preview Content";
			sourceTree = "<group>";
		};
		A2EB7B972CDA9A690090039D /* CursoiOSTests */ = {
			isa = PBXGroup;
			children = (
				A2EB7B982CDA9A690090039D /* CursoiOSTests.swift */,
			);
			path = CursoiOSTests;
			sourceTree = "<group>";
		};
		A2EB7BA12CDA9A690090039D /* CursoiOSUITests */ = {
			isa = PBXGroup;
			children = (
				A2EB7BA22CDA9A690090039D /* CursoiOSUITests.swift */,
				A2EB7BA42CDA9A690090039D /* CursoiOSUITestsLaunchTests.swift */,
			);
			path = CursoiOSUITests;
			sourceTree = "<group>";
		};
/* End PBXGroup section */

/* Begin PBXNativeTarget section */
		A2EB7B832CDA9A680090039D /* CursoiOS */ = {
			isa = PBXNativeTarget;
			buildConfigurationList = A2EB7BA82CDA9A690090039D /* Build configuration list for PBXNativeTarget "CursoiOS" */;
			buildPhases = (
				A2EB7B802CDA9A680090039D /* Sources */,
				A2EB7B812CDA9A680090039D /* Frameworks */,
				A2EB7B822CDA9A680090039D /* Resources */,
			);
			buildRules = (
			);
			dependencies = (
			);
			name = CursoiOS;
			productName = CursoiOS;
			productReference = A2EB7B842CDA9A680090039D /* CursoiOS.app */;
			productType = "com.apple.product-type.application";
		};
		A2EB7B932CDA9A690090039D /* CursoiOSTests */ = {
			isa = PBXNativeTarget;
			buildConfigurationList = A2EB7BAB2CDA9A690090039D /* Build configuration list for PBXNativeTarget "CursoiOSTests" */;
			buildPhases = (
				A2EB7B902CDA9A690090039D /* Sources */,
				A2EB7B912CDA9A690090039D /* Frameworks */,
				A2EB7B922CDA9A690090039D /* Resources */,
			);
			buildRules = (
			);
			dependencies = (
				A2EB7B962CDA9A690090039D /* PBXTargetDependency */,
			);
			name = CursoiOSTests;
			productName = CursoiOSTests;
			productReference = A2EB7B942CDA9A690090039D /* CursoiOSTests.xctest */;
			productType = "com.apple.product-type.bundle.unit-test";
		};
		A2EB7B9D2CDA9A690090039D /* CursoiOSUITests */ = {
			isa = PBXNativeTarget;
			buildConfigurationList = A2EB7BAE2CDA9A690090039D /* Build configuration list for PBXNativeTarget "CursoiOSUITests" */;
			buildPhases = (
				A2EB7B9A2CDA9A690090039D /* Sources */,
				A2EB7B9B2CDA9A690090039D /* Frameworks */,
				A2EB7B9C2CDA9A690090039D /* Resources */,
			);
			buildRules = (
			);
			dependencies = (
				A2EB7BA02CDA9A690090039D /* PBXTargetDependency */,
			);
			name = CursoiOSUITests;
			productName = CursoiOSUITests;
			productReference = A2EB7B9E2CDA9A690090039D /* CursoiOSUITests.xctest */;
			productType = "com.apple.product-type.bundle.ui-testing";
		};
/* End PBXNativeTarget section */

/* Begin PBXProject section */
		A2EB7B7C2CDA9A680090039D /* Project object */ = {
			isa = PBXProject;
			attributes = {
				BuildIndependentTargetsInParallel = 1;
				LastSwiftUpdateCheck = 1540;
				LastUpgradeCheck = 1540;
				TargetAttributes = {
					A2EB7B832CDA9A680090039D = {
						CreatedOnToolsVersion = 15.4;
					};
					A2EB7B932CDA9A690090039D = {
						CreatedOnToolsVersion = 15.4;
						TestTargetID = A2EB7B832CDA9A680090039D;
					};
					A2EB7B9D2CDA9A690090039D = {
						CreatedOnToolsVersion = 15.4;
						TestTargetID = A2EB7B832CDA9A680090039D;
					};
				};
			};
			buildConfigurationList = A2EB7B7F2CDA9A680090039D /* Build configuration list for PBXProject "CursoiOS" */;
			compatibilityVersion = "Xcode 14.0";
			developmentRegion = en;
			hasScannedForEncodings = 0;
			knownRegions = (
				en,
				Base,
			);
			mainGroup = A2EB7B7B2CDA9A680090039D;
			productRefGroup = A2EB7B852CDA9A680090039D /* Products */;
			projectDirPath = "";
			projectRoot = "";
			targets = (
				A2EB7B832CDA9A680090039D /* CursoiOS */,
				A2EB7B932CDA9A690090039D /* CursoiOSTests */,
				A2EB7B9D2CDA9A690090039D /* CursoiOSUITests */,
			);
		};
/* End PBXProject section */

/* Begin PBXResourcesBuildPhase section */
		A2EB7B822CDA9A680090039D /* Resources */ = {
			isa = PBXResourcesBuildPhase;
			buildActionMask = 2147483647;
			files = (
				A2EB7B8F2CDA9A690090039D /* Preview Assets.xcassets in Resources */,
				A2EB7B8C2CDA9A690090039D /* Assets.xcassets in Resources */,
			);
			runOnlyForDeploymentPostprocessing = 0;
		};
		A2EB7B922CDA9A690090039D /* Resources */ = {
			isa = PBXResourcesBuildPhase;
			buildActionMask = 2147483647;
			files = (
			);
			runOnlyForDeploymentPostprocessing = 0;
		};
		A2EB7B9C2CDA9A690090039D /* Resources */ = {
			isa = PBXResourcesBuildPhase;
			buildActionMask = 2147483647;
			files = (
			);
			runOnlyForDeploymentPostprocessing = 0;
		};
/* End PBXResourcesBuildPhase section */

/* Begin PBXSourcesBuildPhase section */
		A2EB7B802CDA9A680090039D /* Sources */ = {
			isa = PBXSourcesBuildPhase;
			buildActionMask = 2147483647;
			files = (
				A2EB7B8A2CDA9A680090039D /* Exercise1.swift in Sources */,
				A2740A4D2CE53269005FB23C /* ButtonExample.swift in Sources */,
				A2740A4B2CE522A8005FB23C /* LabelExample.swift in Sources */,
				A2740A4F2CE5CE71005FB23C /* TextField.swift in Sources */,
				A2740A472CE4F210005FB23C /* TextExample.swift in Sources */,
				A2740A442CE4F159005FB23C /* MainView.swift in Sources */,
				A2740A492CE51123005FB23C /* ImageExample.swift in Sources */,
				A2EB7B882CDA9A680090039D /* CursoiOSApp.swift in Sources */,
			);
			runOnlyForDeploymentPostprocessing = 0;
		};
		A2EB7B902CDA9A690090039D /* Sources */ = {
			isa = PBXSourcesBuildPhase;
			buildActionMask = 2147483647;
			files = (
				A2EB7B992CDA9A690090039D /* CursoiOSTests.swift in Sources */,
			);
			runOnlyForDeploymentPostprocessing = 0;
		};
		A2EB7B9A2CDA9A690090039D /* Sources */ = {
			isa = PBXSourcesBuildPhase;
			buildActionMask = 2147483647;
			files = (
				A2EB7BA52CDA9A690090039D /* CursoiOSUITestsLaunchTests.swift in Sources */,
				A2EB7BA32CDA9A690090039D /* CursoiOSUITests.swift in Sources */,
			);
			runOnlyForDeploymentPostprocessing = 0;
		};
/* End PBXSourcesBuildPhase section */

/* Begin PBXTargetDependency section */
		A2EB7B962CDA9A690090039D /* PBXTargetDependency */ = {
			isa = PBXTargetDependency;
			target = A2EB7B832CDA9A680090039D /* CursoiOS */;
			targetProxy = A2EB7B952CDA9A690090039D /* PBXContainerItemProxy */;
		};
		A2EB7BA02CDA9A690090039D /* PBXTargetDependency */ = {
			isa = PBXTargetDependency;
			target = A2EB7B832CDA9A680090039D /* CursoiOS */;
			targetProxy = A2EB7B9F2CDA9A690090039D /* PBXContainerItemProxy */;
		};
/* End PBXTargetDependency section */

/* Begin XCBuildConfiguration section */
		A2EB7BA62CDA9A690090039D /* Debug */ = {
			isa = XCBuildConfiguration;
			buildSettings = {
				ALWAYS_SEARCH_USER_PATHS = NO;
				ASSETCATALOG_COMPILER_GENERATE_SWIFT_ASSET_SYMBOL_EXTENSIONS = YES;
				CLANG_ANALYZER_NONNULL = YES;
				CLANG_ANALYZER_NUMBER_OBJECT_CONVERSION = YES_AGGRESSIVE;
				CLANG_CXX_LANGUAGE_STANDARD = "gnu++20";
				CLANG_ENABLE_MODULES = YES;
				CLANG_ENABLE_OBJC_ARC = YES;
				CLANG_ENABLE_OBJC_WEAK = YES;
				CLANG_WARN_BLOCK_CAPTURE_AUTORELEASING = YES;
				CLANG_WARN_BOOL_CONVERSION = YES;
				CLANG_WARN_COMMA = YES;
				CLANG_WARN_CONSTANT_CONVERSION = YES;
				CLANG_WARN_DEPRECATED_OBJC_IMPLEMENTATIONS = YES;
				CLANG_WARN_DIRECT_OBJC_ISA_USAGE = YES_ERROR;
				CLANG_WARN_DOCUMENTATION_COMMENTS = YES;
				CLANG_WARN_EMPTY_BODY = YES;
				CLANG_WARN_ENUM_CONVERSION = YES;
				CLANG_WARN_INFINITE_RECURSION = YES;
				CLANG_WARN_INT_CONVERSION = YES;
				CLANG_WARN_NON_LITERAL_NULL_CONVERSION = YES;
				CLANG_WARN_OBJC_IMPLICIT_RETAIN_SELF = YES;
				CLANG_WARN_OBJC_LITERAL_CONVERSION = YES;
				CLANG_WARN_OBJC_ROOT_CLASS = YES_ERROR;
				CLANG_WARN_QUOTED_INCLUDE_IN_FRAMEWORK_HEADER = YES;
				CLANG_WARN_RANGE_LOOP_ANALYSIS = YES;
				CLANG_WARN_STRICT_PROTOTYPES = YES;
				CLANG_WARN_SUSPICIOUS_MOVE = YES;
				CLANG_WARN_UNGUARDED_AVAILABILITY = YES_AGGRESSIVE;
				CLANG_WARN_UNREACHABLE_CODE = YES;
				CLANG_WARN__DUPLICATE_METHOD_MATCH = YES;
				COPY_PHASE_STRIP = NO;
				DEBUG_INFORMATION_FORMAT = dwarf;
				ENABLE_STRICT_OBJC_MSGSEND = YES;
				ENABLE_TESTABILITY = YES;
				ENABLE_USER_SCRIPT_SANDBOXING = YES;
				GCC_C_LANGUAGE_STANDARD = gnu17;
				GCC_DYNAMIC_NO_PIC = NO;
				GCC_NO_COMMON_BLOCKS = YES;
				GCC_OPTIMIZATION_LEVEL = 0;
				GCC_PREPROCESSOR_DEFINITIONS = (
					"DEBUG=1",
					"$(inherited)",
				);
				GCC_WARN_64_TO_32_BIT_CONVERSION = YES;
				GCC_WARN_ABOUT_RETURN_TYPE = YES_ERROR;
				GCC_WARN_UNDECLARED_SELECTOR = YES;
				GCC_WARN_UNINITIALIZED_AUTOS = YES_AGGRESSIVE;
				GCC_WARN_UNUSED_FUNCTION = YES;
				GCC_WARN_UNUSED_VARIABLE = YES;
				IPHONEOS_DEPLOYMENT_TARGET = 17.5;
				LOCALIZATION_PREFERS_STRING_CATALOGS = YES;
				MTL_ENABLE_DEBUG_INFO = INCLUDE_SOURCE;
				MTL_FAST_MATH = YES;
				ONLY_ACTIVE_ARCH = YES;
				SDKROOT = iphoneos;
				SWIFT_ACTIVE_COMPILATION_CONDITIONS = "DEBUG $(inherited)";
				SWIFT_OPTIMIZATION_LEVEL = "-Onone";
			};
			name = Debug;
		};
		A2EB7BA72CDA9A690090039D /* Release */ = {
			isa = XCBuildConfiguration;
			buildSettings = {
				ALWAYS_SEARCH_USER_PATHS = NO;
				ASSETCATALOG_COMPILER_GENERATE_SWIFT_ASSET_SYMBOL_EXTENSIONS = YES;
				CLANG_ANALYZER_NONNULL = YES;
				CLANG_ANALYZER_NUMBER_OBJECT_CONVERSION = YES_AGGRESSIVE;
				CLANG_CXX_LANGUAGE_STANDARD = "gnu++20";
				CLANG_ENABLE_MODULES = YES;
				CLANG_ENABLE_OBJC_ARC = YES;
				CLANG_ENABLE_OBJC_WEAK = YES;
				CLANG_WARN_BLOCK_CAPTURE_AUTORELEASING = YES;
				CLANG_WARN_BOOL_CONVERSION = YES;
				CLANG_WARN_COMMA = YES;
				CLANG_WARN_CONSTANT_CONVERSION = YES;
				CLANG_WARN_DEPRECATED_OBJC_IMPLEMENTATIONS = YES;
				CLANG_WARN_DIRECT_OBJC_ISA_USAGE = YES_ERROR;
				CLANG_WARN_DOCUMENTATION_COMMENTS = YES;
				CLANG_WARN_EMPTY_BODY = YES;
				CLANG_WARN_ENUM_CONVERSION = YES;
				CLANG_WARN_INFINITE_RECURSION = YES;
				CLANG_WARN_INT_CONVERSION = YES;
				CLANG_WARN_NON_LITERAL_NULL_CONVERSION = YES;
				CLANG_WARN_OBJC_IMPLICIT_RETAIN_SELF = YES;
				CLANG_WARN_OBJC_LITERAL_CONVERSION = YES;
				CLANG_WARN_OBJC_ROOT_CLASS = YES_ERROR;
				CLANG_WARN_QUOTED_INCLUDE_IN_FRAMEWORK_HEADER = YES;
				CLANG_WARN_RANGE_LOOP_ANALYSIS = YES;
				CLANG_WARN_STRICT_PROTOTYPES = YES;
				CLANG_WARN_SUSPICIOUS_MOVE = YES;
				CLANG_WARN_UNGUARDED_AVAILABILITY = YES_AGGRESSIVE;
				CLANG_WARN_UNREACHABLE_CODE = YES;
				CLANG_WARN__DUPLICATE_METHOD_MATCH = YES;
				COPY_PHASE_STRIP = NO;
				DEBUG_INFORMATION_FORMAT = "dwarf-with-dsym";
				ENABLE_NS_ASSERTIONS = NO;
				ENABLE_STRICT_OBJC_MSGSEND = YES;
				ENABLE_USER_SCRIPT_SANDBOXING = YES;
				GCC_C_LANGUAGE_STANDARD = gnu17;
				GCC_NO_COMMON_BLOCKS = YES;
				GCC_WARN_64_TO_32_BIT_CONVERSION = YES;
				GCC_WARN_ABOUT_RETURN_TYPE = YES_ERROR;
				GCC_WARN_UNDECLARED_SELECTOR = YES;
				GCC_WARN_UNINITIALIZED_AUTOS = YES_AGGRESSIVE;
				GCC_WARN_UNUSED_FUNCTION = YES;
				GCC_WARN_UNUSED_VARIABLE = YES;
				IPHONEOS_DEPLOYMENT_TARGET = 17.5;
				LOCALIZATION_PREFERS_STRING_CATALOGS = YES;
				MTL_ENABLE_DEBUG_INFO = NO;
				MTL_FAST_MATH = YES;
				SDKROOT = iphoneos;
				SWIFT_COMPILATION_MODE = wholemodule;
				VALIDATE_PRODUCT = YES;
			};
			name = Release;
		};
		A2EB7BA92CDA9A690090039D /* Debug */ = {
			isa = XCBuildConfiguration;
			buildSettings = {
				ASSETCATALOG_COMPILER_APPICON_NAME = AppIcon;
				ASSETCATALOG_COMPILER_GLOBAL_ACCENT_COLOR_NAME = AccentColor;
				CODE_SIGN_STYLE = Automatic;
				CURRENT_PROJECT_VERSION = 1;
				DEVELOPMENT_ASSET_PATHS = "\"CursoiOS/Preview Content\"";
				ENABLE_PREVIEWS = YES;
				GENERATE_INFOPLIST_FILE = YES;
				INFOPLIST_KEY_UIApplicationSceneManifest_Generation = YES;
				INFOPLIST_KEY_UIApplicationSupportsIndirectInputEvents = YES;
				INFOPLIST_KEY_UILaunchScreen_Generation = YES;
				INFOPLIST_KEY_UISupportedInterfaceOrientations_iPad = "UIInterfaceOrientationPortrait UIInterfaceOrientationPortraitUpsideDown UIInterfaceOrientationLandscapeLeft UIInterfaceOrientationLandscapeRight";
				INFOPLIST_KEY_UISupportedInterfaceOrientations_iPhone = "UIInterfaceOrientationPortrait UIInterfaceOrientationLandscapeLeft UIInterfaceOrientationLandscapeRight";
				LD_RUNPATH_SEARCH_PATHS = (
					"$(inherited)",
					"@executable_path/Frameworks",
				);
				MARKETING_VERSION = 1.0;
				PRODUCT_BUNDLE_IDENTIFIER = com.victorg.CursoiOS;
				PRODUCT_NAME = "$(TARGET_NAME)";
				SWIFT_EMIT_LOC_STRINGS = YES;
				SWIFT_VERSION = 5.0;
				TARGETED_DEVICE_FAMILY = "1,2";
			};
			name = Debug;
		};
		A2EB7BAA2CDA9A690090039D /* Release */ = {
			isa = XCBuildConfiguration;
			buildSettings = {
				ASSETCATALOG_COMPILER_APPICON_NAME = AppIcon;
				ASSETCATALOG_COMPILER_GLOBAL_ACCENT_COLOR_NAME = AccentColor;
				CODE_SIGN_STYLE = Automatic;
				CURRENT_PROJECT_VERSION = 1;
				DEVELOPMENT_ASSET_PATHS = "\"CursoiOS/Preview Content\"";
				ENABLE_PREVIEWS = YES;
				GENERATE_INFOPLIST_FILE = YES;
				INFOPLIST_KEY_UIApplicationSceneManifest_Generation = YES;
				INFOPLIST_KEY_UIApplicationSupportsIndirectInputEvents = YES;
				INFOPLIST_KEY_UILaunchScreen_Generation = YES;
				INFOPLIST_KEY_UISupportedInterfaceOrientations_iPad = "UIInterfaceOrientationPortrait UIInterfaceOrientationPortraitUpsideDown UIInterfaceOrientationLandscapeLeft UIInterfaceOrientationLandscapeRight";
				INFOPLIST_KEY_UISupportedInterfaceOrientations_iPhone = "UIInterfaceOrientationPortrait UIInterfaceOrientationLandscapeLeft UIInterfaceOrientationLandscapeRight";
				LD_RUNPATH_SEARCH_PATHS = (
					"$(inherited)",
					"@executable_path/Frameworks",
				);
				MARKETING_VERSION = 1.0;
				PRODUCT_BUNDLE_IDENTIFIER = com.victorg.CursoiOS;
				PRODUCT_NAME = "$(TARGET_NAME)";
				SWIFT_EMIT_LOC_STRINGS = YES;
				SWIFT_VERSION = 5.0;
				TARGETED_DEVICE_FAMILY = "1,2";
			};
			name = Release;
		};
		A2EB7BAC2CDA9A690090039D /* Debug */ = {
			isa = XCBuildConfiguration;
			buildSettings = {
				ALWAYS_EMBED_SWIFT_STANDARD_LIBRARIES = YES;
				BUNDLE_LOADER = "$(TEST_HOST)";
				CODE_SIGN_STYLE = Automatic;
				CURRENT_PROJECT_VERSION = 1;
				GENERATE_INFOPLIST_FILE = YES;
				IPHONEOS_DEPLOYMENT_TARGET = 17.5;
				MARKETING_VERSION = 1.0;
				PRODUCT_BUNDLE_IDENTIFIER = com.victorg.CursoiOSTests;
				PRODUCT_NAME = "$(TARGET_NAME)";
				SWIFT_EMIT_LOC_STRINGS = NO;
				SWIFT_VERSION = 5.0;
				TARGETED_DEVICE_FAMILY = "1,2";
				TEST_HOST = "$(BUILT_PRODUCTS_DIR)/CursoiOS.app/$(BUNDLE_EXECUTABLE_FOLDER_PATH)/CursoiOS";
			};
			name = Debug;
		};
		A2EB7BAD2CDA9A690090039D /* Release */ = {
			isa = XCBuildConfiguration;
			buildSettings = {
				ALWAYS_EMBED_SWIFT_STANDARD_LIBRARIES = YES;
				BUNDLE_LOADER = "$(TEST_HOST)";
				CODE_SIGN_STYLE = Automatic;
				CURRENT_PROJECT_VERSION = 1;
				GENERATE_INFOPLIST_FILE = YES;
				IPHONEOS_DEPLOYMENT_TARGET = 17.5;
				MARKETING_VERSION = 1.0;
				PRODUCT_BUNDLE_IDENTIFIER = com.victorg.CursoiOSTests;
				PRODUCT_NAME = "$(TARGET_NAME)";
				SWIFT_EMIT_LOC_STRINGS = NO;
				SWIFT_VERSION = 5.0;
				TARGETED_DEVICE_FAMILY = "1,2";
				TEST_HOST = "$(BUILT_PRODUCTS_DIR)/CursoiOS.app/$(BUNDLE_EXECUTABLE_FOLDER_PATH)/CursoiOS";
			};
			name = Release;
		};
		A2EB7BAF2CDA9A690090039D /* Debug */ = {
			isa = XCBuildConfiguration;
			buildSettings = {
				ALWAYS_EMBED_SWIFT_STANDARD_LIBRARIES = YES;
				CODE_SIGN_STYLE = Automatic;
				CURRENT_PROJECT_VERSION = 1;
				GENERATE_INFOPLIST_FILE = YES;
				MARKETING_VERSION = 1.0;
				PRODUCT_BUNDLE_IDENTIFIER = com.victorg.CursoiOSUITests;
				PRODUCT_NAME = "$(TARGET_NAME)";
				SWIFT_EMIT_LOC_STRINGS = NO;
				SWIFT_VERSION = 5.0;
				TARGETED_DEVICE_FAMILY = "1,2";
				TEST_TARGET_NAME = CursoiOS;
			};
			name = Debug;
		};
		A2EB7BB02CDA9A690090039D /* Release */ = {
			isa = XCBuildConfiguration;
			buildSettings = {
				ALWAYS_EMBED_SWIFT_STANDARD_LIBRARIES = YES;
				CODE_SIGN_STYLE = Automatic;
				CURRENT_PROJECT_VERSION = 1;
				GENERATE_INFOPLIST_FILE = YES;
				MARKETING_VERSION = 1.0;
				PRODUCT_BUNDLE_IDENTIFIER = com.victorg.CursoiOSUITests;
				PRODUCT_NAME = "$(TARGET_NAME)";
				SWIFT_EMIT_LOC_STRINGS = NO;
				SWIFT_VERSION = 5.0;
				TARGETED_DEVICE_FAMILY = "1,2";
				TEST_TARGET_NAME = CursoiOS;
			};
			name = Release;
		};
/* End XCBuildConfiguration section */

/* Begin XCConfigurationList section */
		A2EB7B7F2CDA9A680090039D /* Build configuration list for PBXProject "CursoiOS" */ = {
			isa = XCConfigurationList;
			buildConfigurations = (
				A2EB7BA62CDA9A690090039D /* Debug */,
				A2EB7BA72CDA9A690090039D /* Release */,
			);
			defaultConfigurationIsVisible = 0;
			defaultConfigurationName = Release;
		};
		A2EB7BA82CDA9A690090039D /* Build configuration list for PBXNativeTarget "CursoiOS" */ = {
			isa = XCConfigurationList;
			buildConfigurations = (
				A2EB7BA92CDA9A690090039D /* Debug */,
				A2EB7BAA2CDA9A690090039D /* Release */,
			);
			defaultConfigurationIsVisible = 0;
			defaultConfigurationName = Release;
		};
		A2EB7BAB2CDA9A690090039D /* Build configuration list for PBXNativeTarget "CursoiOSTests" */ = {
			isa = XCConfigurationList;
			buildConfigurations = (
				A2EB7BAC2CDA9A690090039D /* Debug */,
				A2EB7BAD2CDA9A690090039D /* Release */,
			);
			defaultConfigurationIsVisible = 0;
			defaultConfigurationName = Release;
		};
		A2EB7BAE2CDA9A690090039D /* Build configuration list for PBXNativeTarget "CursoiOSUITests" */ = {
			isa = XCConfigurationList;
			buildConfigurations = (
				A2EB7BAF2CDA9A690090039D /* Debug */,
				A2EB7BB02CDA9A690090039D /* Release */,
			);
			defaultConfigurationIsVisible = 0;
			defaultConfigurationName = Release;
		};
/* End XCConfigurationList section */
	};
	rootObject = A2EB7B7C2CDA9A680090039D /* Project object */;
}
