// !$*UTF8*$!
{
	archiveVersion = 1;
	classes = {
	};
	objectVersion = 56;
	objects = {

/* Begin PBXBuildFile section */
		A295EF9D2CFB603D006398D3 /* NFCDEMOApp.swift in Sources */ = {isa = PBXBuildFile; fileRef = A295EF9C2CFB603D006398D3 /* NFCDEMOApp.swift */; };
		A295EF9F2CFB603D006398D3 /* ContentView.swift in Sources */ = {isa = PBXBuildFile; fileRef = A295EF9E2CFB603D006398D3 /* ContentView.swift */; };
		A295EFA12CFB603E006398D3 /* Assets.xcassets in Resources */ = {isa = PBXBuildFile; fileRef = A295EFA02CFB603E006398D3 /* Assets.xcassets */; };
		A295EFA42CFB603E006398D3 /* Preview Assets.xcassets in Resources */ = {isa = PBXBuildFile; fileRef = A295EFA32CFB603E006398D3 /* Preview Assets.xcassets */; };
		A295EFAE2CFB603F006398D3 /* NFCDEMOTests.swift in Sources */ = {isa = PBXBuildFile; fileRef = A295EFAD2CFB603F006398D3 /* NFCDEMOTests.swift */; };
		A295EFB82CFB603F006398D3 /* NFCDEMOUITests.swift in Sources */ = {isa = PBXBuildFile; fileRef = A295EFB72CFB603F006398D3 /* NFCDEMOUITests.swift */; };
		A295EFBA2CFB603F006398D3 /* NFCDEMOUITestsLaunchTests.swift in Sources */ = {isa = PBXBuildFile; fileRef = A295EFB92CFB603F006398D3 /* NFCDEMOUITestsLaunchTests.swift */; };
/* End PBXBuildFile section */

/* Begin PBXContainerItemProxy section */
		A295EFAA2CFB603F006398D3 /* PBXContainerItemProxy */ = {
			isa = PBXContainerItemProxy;
			containerPortal = A295EF912CFB603D006398D3 /* Project object */;
			proxyType = 1;
			remoteGlobalIDString = A295EF982CFB603D006398D3;
			remoteInfo = NFCDEMO;
		};
		A295EFB42CFB603F006398D3 /* PBXContainerItemProxy */ = {
			isa = PBXContainerItemProxy;
			containerPortal = A295EF912CFB603D006398D3 /* Project object */;
			proxyType = 1;
			remoteGlobalIDString = A295EF982CFB603D006398D3;
			remoteInfo = NFCDEMO;
		};
/* End PBXContainerItemProxy section */

/* Begin PBXFileReference section */
		A295EF992CFB603D006398D3 /* NFCDEMO.app */ = {isa = PBXFileReference; explicitFileType = wrapper.application; includeInIndex = 0; path = NFCDEMO.app; sourceTree = BUILT_PRODUCTS_DIR; };
		A295EF9C2CFB603D006398D3 /* NFCDEMOApp.swift */ = {isa = PBXFileReference; lastKnownFileType = sourcecode.swift; path = NFCDEMOApp.swift; sourceTree = "<group>"; };
		A295EF9E2CFB603D006398D3 /* ContentView.swift */ = {isa = PBXFileReference; lastKnownFileType = sourcecode.swift; path = ContentView.swift; sourceTree = "<group>"; };
		A295EFA02CFB603E006398D3 /* Assets.xcassets */ = {isa = PBXFileReference; lastKnownFileType = folder.assetcatalog; path = Assets.xcassets; sourceTree = "<group>"; };
		A295EFA32CFB603E006398D3 /* Preview Assets.xcassets */ = {isa = PBXFileReference; lastKnownFileType = folder.assetcatalog; path = "Preview Assets.xcassets"; sourceTree = "<group>"; };
		A295EFA92CFB603F006398D3 /* NFCDEMOTests.xctest */ = {isa = PBXFileReference; explicitFileType = wrapper.cfbundle; includeInIndex = 0; path = NFCDEMOTests.xctest; sourceTree = BUILT_PRODUCTS_DIR; };
		A295EFAD2CFB603F006398D3 /* NFCDEMOTests.swift */ = {isa = PBXFileReference; lastKnownFileType = sourcecode.swift; path = NFCDEMOTests.swift; sourceTree = "<group>"; };
		A295EFB32CFB603F006398D3 /* NFCDEMOUITests.xctest */ = {isa = PBXFileReference; explicitFileType = wrapper.cfbundle; includeInIndex = 0; path = NFCDEMOUITests.xctest; sourceTree = BUILT_PRODUCTS_DIR; };
		A295EFB72CFB603F006398D3 /* NFCDEMOUITests.swift */ = {isa = PBXFileReference; lastKnownFileType = sourcecode.swift; path = NFCDEMOUITests.swift; sourceTree = "<group>"; };
		A295EFB92CFB603F006398D3 /* NFCDEMOUITestsLaunchTests.swift */ = {isa = PBXFileReference; lastKnownFileType = sourcecode.swift; path = NFCDEMOUITestsLaunchTests.swift; sourceTree = "<group>"; };
/* End PBXFileReference section */

/* Begin PBXFrameworksBuildPhase section */
		A295EF962CFB603D006398D3 /* Frameworks */ = {
			isa = PBXFrameworksBuildPhase;
			buildActionMask = 2147483647;
			files = (
			);
			runOnlyForDeploymentPostprocessing = 0;
		};
		A295EFA62CFB603F006398D3 /* Frameworks */ = {
			isa = PBXFrameworksBuildPhase;
			buildActionMask = 2147483647;
			files = (
			);
			runOnlyForDeploymentPostprocessing = 0;
		};
		A295EFB02CFB603F006398D3 /* Frameworks */ = {
			isa = PBXFrameworksBuildPhase;
			buildActionMask = 2147483647;
			files = (
			);
			runOnlyForDeploymentPostprocessing = 0;
		};
/* End PBXFrameworksBuildPhase section */

/* Begin PBXGroup section */
		A295EF902CFB603D006398D3 = {
			isa = PBXGroup;
			children = (
				A295EF9B2CFB603D006398D3 /* NFCDEMO */,
				A295EFAC2CFB603F006398D3 /* NFCDEMOTests */,
				A295EFB62CFB603F006398D3 /* NFCDEMOUITests */,
				A295EF9A2CFB603D006398D3 /* Products */,
			);
			sourceTree = "<group>";
		};
		A295EF9A2CFB603D006398D3 /* Products */ = {
			isa = PBXGroup;
			children = (
				A295EF992CFB603D006398D3 /* NFCDEMO.app */,
				A295EFA92CFB603F006398D3 /* NFCDEMOTests.xctest */,
				A295EFB32CFB603F006398D3 /* NFCDEMOUITests.xctest */,
			);
			name = Products;
			sourceTree = "<group>";
		};
		A295EF9B2CFB603D006398D3 /* NFCDEMO */ = {
			isa = PBXGroup;
			children = (
				A295EF9C2CFB603D006398D3 /* NFCDEMOApp.swift */,
				A295EF9E2CFB603D006398D3 /* ContentView.swift */,
				A295EFA02CFB603E006398D3 /* Assets.xcassets */,
				A295EFA22CFB603E006398D3 /* Preview Content */,
			);
			path = NFCDEMO;
			sourceTree = "<group>";
		};
		A295EFA22CFB603E006398D3 /* Preview Content */ = {
			isa = PBXGroup;
			children = (
				A295EFA32CFB603E006398D3 /* Preview Assets.xcassets */,
			);
			path = "Preview Content";
			sourceTree = "<group>";
		};
		A295EFAC2CFB603F006398D3 /* NFCDEMOTests */ = {
			isa = PBXGroup;
			children = (
				A295EFAD2CFB603F006398D3 /* NFCDEMOTests.swift */,
			);
			path = NFCDEMOTests;
			sourceTree = "<group>";
		};
		A295EFB62CFB603F006398D3 /* NFCDEMOUITests */ = {
			isa = PBXGroup;
			children = (
				A295EFB72CFB603F006398D3 /* NFCDEMOUITests.swift */,
				A295EFB92CFB603F006398D3 /* NFCDEMOUITestsLaunchTests.swift */,
			);
			path = NFCDEMOUITests;
			sourceTree = "<group>";
		};
/* End PBXGroup section */

/* Begin PBXNativeTarget section */
		A295EF982CFB603D006398D3 /* NFCDEMO */ = {
			isa = PBXNativeTarget;
			buildConfigurationList = A295EFBD2CFB603F006398D3 /* Build configuration list for PBXNativeTarget "NFCDEMO" */;
			buildPhases = (
				A295EF952CFB603D006398D3 /* Sources */,
				A295EF962CFB603D006398D3 /* Frameworks */,
				A295EF972CFB603D006398D3 /* Resources */,
			);
			buildRules = (
			);
			dependencies = (
			);
			name = NFCDEMO;
			productName = NFCDEMO;
			productReference = A295EF992CFB603D006398D3 /* NFCDEMO.app */;
			productType = "com.apple.product-type.application";
		};
		A295EFA82CFB603F006398D3 /* NFCDEMOTests */ = {
			isa = PBXNativeTarget;
			buildConfigurationList = A295EFC02CFB603F006398D3 /* Build configuration list for PBXNativeTarget "NFCDEMOTests" */;
			buildPhases = (
				A295EFA52CFB603F006398D3 /* Sources */,
				A295EFA62CFB603F006398D3 /* Frameworks */,
				A295EFA72CFB603F006398D3 /* Resources */,
			);
			buildRules = (
			);
			dependencies = (
				A295EFAB2CFB603F006398D3 /* PBXTargetDependency */,
			);
			name = NFCDEMOTests;
			productName = NFCDEMOTests;
			productReference = A295EFA92CFB603F006398D3 /* NFCDEMOTests.xctest */;
			productType = "com.apple.product-type.bundle.unit-test";
		};
		A295EFB22CFB603F006398D3 /* NFCDEMOUITests */ = {
			isa = PBXNativeTarget;
			buildConfigurationList = A295EFC32CFB603F006398D3 /* Build configuration list for PBXNativeTarget "NFCDEMOUITests" */;
			buildPhases = (
				A295EFAF2CFB603F006398D3 /* Sources */,
				A295EFB02CFB603F006398D3 /* Frameworks */,
				A295EFB12CFB603F006398D3 /* Resources */,
			);
			buildRules = (
			);
			dependencies = (
				A295EFB52CFB603F006398D3 /* PBXTargetDependency */,
			);
			name = NFCDEMOUITests;
			productName = NFCDEMOUITests;
			productReference = A295EFB32CFB603F006398D3 /* NFCDEMOUITests.xctest */;
			productType = "com.apple.product-type.bundle.ui-testing";
		};
/* End PBXNativeTarget section */

/* Begin PBXProject section */
		A295EF912CFB603D006398D3 /* Project object */ = {
			isa = PBXProject;
			attributes = {
				BuildIndependentTargetsInParallel = 1;
				LastSwiftUpdateCheck = 1540;
				LastUpgradeCheck = 1540;
				TargetAttributes = {
					A295EF982CFB603D006398D3 = {
						CreatedOnToolsVersion = 15.4;
					};
					A295EFA82CFB603F006398D3 = {
						CreatedOnToolsVersion = 15.4;
						TestTargetID = A295EF982CFB603D006398D3;
					};
					A295EFB22CFB603F006398D3 = {
						CreatedOnToolsVersion = 15.4;
						TestTargetID = A295EF982CFB603D006398D3;
					};
				};
			};
			buildConfigurationList = A295EF942CFB603D006398D3 /* Build configuration list for PBXProject "NFCDEMO" */;
			compatibilityVersion = "Xcode 14.0";
			developmentRegion = en;
			hasScannedForEncodings = 0;
			knownRegions = (
				en,
				Base,
			);
			mainGroup = A295EF902CFB603D006398D3;
			productRefGroup = A295EF9A2CFB603D006398D3 /* Products */;
			projectDirPath = "";
			projectRoot = "";
			targets = (
				A295EF982CFB603D006398D3 /* NFCDEMO */,
				A295EFA82CFB603F006398D3 /* NFCDEMOTests */,
				A295EFB22CFB603F006398D3 /* NFCDEMOUITests */,
			);
		};
/* End PBXProject section */

/* Begin PBXResourcesBuildPhase section */
		A295EF972CFB603D006398D3 /* Resources */ = {
			isa = PBXResourcesBuildPhase;
			buildActionMask = 2147483647;
			files = (
				A295EFA42CFB603E006398D3 /* Preview Assets.xcassets in Resources */,
				A295EFA12CFB603E006398D3 /* Assets.xcassets in Resources */,
			);
			runOnlyForDeploymentPostprocessing = 0;
		};
		A295EFA72CFB603F006398D3 /* Resources */ = {
			isa = PBXResourcesBuildPhase;
			buildActionMask = 2147483647;
			files = (
			);
			runOnlyForDeploymentPostprocessing = 0;
		};
		A295EFB12CFB603F006398D3 /* Resources */ = {
			isa = PBXResourcesBuildPhase;
			buildActionMask = 2147483647;
			files = (
			);
			runOnlyForDeploymentPostprocessing = 0;
		};
/* End PBXResourcesBuildPhase section */

/* Begin PBXSourcesBuildPhase section */
		A295EF952CFB603D006398D3 /* Sources */ = {
			isa = PBXSourcesBuildPhase;
			buildActionMask = 2147483647;
			files = (
				A295EF9F2CFB603D006398D3 /* ContentView.swift in Sources */,
				A295EF9D2CFB603D006398D3 /* NFCDEMOApp.swift in Sources */,
			);
			runOnlyForDeploymentPostprocessing = 0;
		};
		A295EFA52CFB603F006398D3 /* Sources */ = {
			isa = PBXSourcesBuildPhase;
			buildActionMask = 2147483647;
			files = (
				A295EFAE2CFB603F006398D3 /* NFCDEMOTests.swift in Sources */,
			);
			runOnlyForDeploymentPostprocessing = 0;
		};
		A295EFAF2CFB603F006398D3 /* Sources */ = {
			isa = PBXSourcesBuildPhase;
			buildActionMask = 2147483647;
			files = (
				A295EFB82CFB603F006398D3 /* NFCDEMOUITests.swift in Sources */,
				A295EFBA2CFB603F006398D3 /* NFCDEMOUITestsLaunchTests.swift in Sources */,
			);
			runOnlyForDeploymentPostprocessing = 0;
		};
/* End PBXSourcesBuildPhase section */

/* Begin PBXTargetDependency section */
		A295EFAB2CFB603F006398D3 /* PBXTargetDependency */ = {
			isa = PBXTargetDependency;
			target = A295EF982CFB603D006398D3 /* NFCDEMO */;
			targetProxy = A295EFAA2CFB603F006398D3 /* PBXContainerItemProxy */;
		};
		A295EFB52CFB603F006398D3 /* PBXTargetDependency */ = {
			isa = PBXTargetDependency;
			target = A295EF982CFB603D006398D3 /* NFCDEMO */;
			targetProxy = A295EFB42CFB603F006398D3 /* PBXContainerItemProxy */;
		};
/* End PBXTargetDependency section */

/* Begin XCBuildConfiguration section */
		A295EFBB2CFB603F006398D3 /* Debug */ = {
			isa = XCBuildConfiguration;
			buildSettings = {
				ALWAYS_SEARCH_USER_PATHS = NO;
				ASSETCATALOG_COMPILER_GENERATE_SWIFT_ASSET_SYMBOL_EXTENSIONS = YES;
				CLANG_ANALYZER_NONNULL = YES;
				CLANG_ANALYZER_NUMBER_OBJECT_CONVERSION = YES_AGGRESSIVE;
				CLANG_CXX_LANGUAGE_STANDARD = "gnu++20";
				CLANG_ENABLE_MODULES = YES;
				CLANG_ENABLE_OBJC_ARC = YES;
				CLANG_ENABLE_OBJC_WEAK = YES;
				CLANG_WARN_BLOCK_CAPTURE_AUTORELEASING = YES;
				CLANG_WARN_BOOL_CONVERSION = YES;
				CLANG_WARN_COMMA = YES;
				CLANG_WARN_CONSTANT_CONVERSION = YES;
				CLANG_WARN_DEPRECATED_OBJC_IMPLEMENTATIONS = YES;
				CLANG_WARN_DIRECT_OBJC_ISA_USAGE = YES_ERROR;
				CLANG_WARN_DOCUMENTATION_COMMENTS = YES;
				CLANG_WARN_EMPTY_BODY = YES;
				CLANG_WARN_ENUM_CONVERSION = YES;
				CLANG_WARN_INFINITE_RECURSION = YES;
				CLANG_WARN_INT_CONVERSION = YES;
				CLANG_WARN_NON_LITERAL_NULL_CONVERSION = YES;
				CLANG_WARN_OBJC_IMPLICIT_RETAIN_SELF = YES;
				CLANG_WARN_OBJC_LITERAL_CONVERSION = YES;
				CLANG_WARN_OBJC_ROOT_CLASS = YES_ERROR;
				CLANG_WARN_QUOTED_INCLUDE_IN_FRAMEWORK_HEADER = YES;
				CLANG_WARN_RANGE_LOOP_ANALYSIS = YES;
				CLANG_WARN_STRICT_PROTOTYPES = YES;
				CLANG_WARN_SUSPICIOUS_MOVE = YES;
				CLANG_WARN_UNGUARDED_AVAILABILITY = YES_AGGRESSIVE;
				CLANG_WARN_UNREACHABLE_CODE = YES;
				CLANG_WARN__DUPLICATE_METHOD_MATCH = YES;
				COPY_PHASE_STRIP = NO;
				DEBUG_INFORMATION_FORMAT = dwarf;
				ENABLE_STRICT_OBJC_MSGSEND = YES;
				ENABLE_TESTABILITY = YES;
				ENABLE_USER_SCRIPT_SANDBOXING = YES;
				GCC_C_LANGUAGE_STANDARD = gnu17;
				GCC_DYNAMIC_NO_PIC = NO;
				GCC_NO_COMMON_BLOCKS = YES;
				GCC_OPTIMIZATION_LEVEL = 0;
				GCC_PREPROCESSOR_DEFINITIONS = (
					"DEBUG=1",
					"$(inherited)",
				);
				GCC_WARN_64_TO_32_BIT_CONVERSION = YES;
				GCC_WARN_ABOUT_RETURN_TYPE = YES_ERROR;
				GCC_WARN_UNDECLARED_SELECTOR = YES;
				GCC_WARN_UNINITIALIZED_AUTOS = YES_AGGRESSIVE;
				GCC_WARN_UNUSED_FUNCTION = YES;
				GCC_WARN_UNUSED_VARIABLE = YES;
				IPHONEOS_DEPLOYMENT_TARGET = 17.5;
				LOCALIZATION_PREFERS_STRING_CATALOGS = YES;
				MTL_ENABLE_DEBUG_INFO = INCLUDE_SOURCE;
				MTL_FAST_MATH = YES;
				ONLY_ACTIVE_ARCH = YES;
				SDKROOT = iphoneos;
				SWIFT_ACTIVE_COMPILATION_CONDITIONS = "DEBUG $(inherited)";
				SWIFT_OPTIMIZATION_LEVEL = "-Onone";
			};
			name = Debug;
		};
		A295EFBC2CFB603F006398D3 /* Release */ = {
			isa = XCBuildConfiguration;
			buildSettings = {
				ALWAYS_SEARCH_USER_PATHS = NO;
				ASSETCATALOG_COMPILER_GENERATE_SWIFT_ASSET_SYMBOL_EXTENSIONS = YES;
				CLANG_ANALYZER_NONNULL = YES;
				CLANG_ANALYZER_NUMBER_OBJECT_CONVERSION = YES_AGGRESSIVE;
				CLANG_CXX_LANGUAGE_STANDARD = "gnu++20";
				CLANG_ENABLE_MODULES = YES;
				CLANG_ENABLE_OBJC_ARC = YES;
				CLANG_ENABLE_OBJC_WEAK = YES;
				CLANG_WARN_BLOCK_CAPTURE_AUTORELEASING = YES;
				CLANG_WARN_BOOL_CONVERSION = YES;
				CLANG_WARN_COMMA = YES;
				CLANG_WARN_CONSTANT_CONVERSION = YES;
				CLANG_WARN_DEPRECATED_OBJC_IMPLEMENTATIONS = YES;
				CLANG_WARN_DIRECT_OBJC_ISA_USAGE = YES_ERROR;
				CLANG_WARN_DOCUMENTATION_COMMENTS = YES;
				CLANG_WARN_EMPTY_BODY = YES;
				CLANG_WARN_ENUM_CONVERSION = YES;
				CLANG_WARN_INFINITE_RECURSION = YES;
				CLANG_WARN_INT_CONVERSION = YES;
				CLANG_WARN_NON_LITERAL_NULL_CONVERSION = YES;
				CLANG_WARN_OBJC_IMPLICIT_RETAIN_SELF = YES;
				CLANG_WARN_OBJC_LITERAL_CONVERSION = YES;
				CLANG_WARN_OBJC_ROOT_CLASS = YES_ERROR;
				CLANG_WARN_QUOTED_INCLUDE_IN_FRAMEWORK_HEADER = YES;
				CLANG_WARN_RANGE_LOOP_ANALYSIS = YES;
				CLANG_WARN_STRICT_PROTOTYPES = YES;
				CLANG_WARN_SUSPICIOUS_MOVE = YES;
				CLANG_WARN_UNGUARDED_AVAILABILITY = YES_AGGRESSIVE;
				CLANG_WARN_UNREACHABLE_CODE = YES;
				CLANG_WARN__DUPLICATE_METHOD_MATCH = YES;
				COPY_PHASE_STRIP = NO;
				DEBUG_INFORMATION_FORMAT = "dwarf-with-dsym";
				ENABLE_NS_ASSERTIONS = NO;
				ENABLE_STRICT_OBJC_MSGSEND = YES;
				ENABLE_USER_SCRIPT_SANDBOXING = YES;
				GCC_C_LANGUAGE_STANDARD = gnu17;
				GCC_NO_COMMON_BLOCKS = YES;
				GCC_WARN_64_TO_32_BIT_CONVERSION = YES;
				GCC_WARN_ABOUT_RETURN_TYPE = YES_ERROR;
				GCC_WARN_UNDECLARED_SELECTOR = YES;
				GCC_WARN_UNINITIALIZED_AUTOS = YES_AGGRESSIVE;
				GCC_WARN_UNUSED_FUNCTION = YES;
				GCC_WARN_UNUSED_VARIABLE = YES;
				IPHONEOS_DEPLOYMENT_TARGET = 17.5;
				LOCALIZATION_PREFERS_STRING_CATALOGS = YES;
				MTL_ENABLE_DEBUG_INFO = NO;
				MTL_FAST_MATH = YES;
				SDKROOT = iphoneos;
				SWIFT_COMPILATION_MODE = wholemodule;
				VALIDATE_PRODUCT = YES;
			};
			name = Release;
		};
		A295EFBE2CFB603F006398D3 /* Debug */ = {
			isa = XCBuildConfiguration;
			buildSettings = {
				ASSETCATALOG_COMPILER_APPICON_NAME = AppIcon;
				ASSETCATALOG_COMPILER_GLOBAL_ACCENT_COLOR_NAME = AccentColor;
				CODE_SIGN_STYLE = Automatic;
				CURRENT_PROJECT_VERSION = 1;
				DEVELOPMENT_ASSET_PATHS = "\"NFCDEMO/Preview Content\"";
				ENABLE_PREVIEWS = YES;
				GENERATE_INFOPLIST_FILE = YES;
				INFOPLIST_KEY_UIApplicationSceneManifest_Generation = YES;
				INFOPLIST_KEY_UIApplicationSupportsIndirectInputEvents = YES;
				INFOPLIST_KEY_UILaunchScreen_Generation = YES;
				INFOPLIST_KEY_UISupportedInterfaceOrientations_iPad = "UIInterfaceOrientationPortrait UIInterfaceOrientationPortraitUpsideDown UIInterfaceOrientationLandscapeLeft UIInterfaceOrientationLandscapeRight";
				INFOPLIST_KEY_UISupportedInterfaceOrientations_iPhone = "UIInterfaceOrientationPortrait UIInterfaceOrientationLandscapeLeft UIInterfaceOrientationLandscapeRight";
				LD_RUNPATH_SEARCH_PATHS = (
					"$(inherited)",
					"@executable_path/Frameworks",
				);
				MARKETING_VERSION = 1.0;
				PRODUCT_BUNDLE_IDENTIFIER = com.victorg.NFCDEMO;
				PRODUCT_NAME = "$(TARGET_NAME)";
				SWIFT_EMIT_LOC_STRINGS = YES;
				SWIFT_VERSION = 5.0;
				TARGETED_DEVICE_FAMILY = "1,2";
			};
			name = Debug;
		};
		A295EFBF2CFB603F006398D3 /* Release */ = {
			isa = XCBuildConfiguration;
			buildSettings = {
				ASSETCATALOG_COMPILER_APPICON_NAME = AppIcon;
				ASSETCATALOG_COMPILER_GLOBAL_ACCENT_COLOR_NAME = AccentColor;
				CODE_SIGN_STYLE = Automatic;
				CURRENT_PROJECT_VERSION = 1;
				DEVELOPMENT_ASSET_PATHS = "\"NFCDEMO/Preview Content\"";
				ENABLE_PREVIEWS = YES;
				GENERATE_INFOPLIST_FILE = YES;
				INFOPLIST_KEY_UIApplicationSceneManifest_Generation = YES;
				INFOPLIST_KEY_UIApplicationSupportsIndirectInputEvents = YES;
				INFOPLIST_KEY_UILaunchScreen_Generation = YES;
				INFOPLIST_KEY_UISupportedInterfaceOrientations_iPad = "UIInterfaceOrientationPortrait UIInterfaceOrientationPortraitUpsideDown UIInterfaceOrientationLandscapeLeft UIInterfaceOrientationLandscapeRight";
				INFOPLIST_KEY_UISupportedInterfaceOrientations_iPhone = "UIInterfaceOrientationPortrait UIInterfaceOrientationLandscapeLeft UIInterfaceOrientationLandscapeRight";
				LD_RUNPATH_SEARCH_PATHS = (
					"$(inherited)",
					"@executable_path/Frameworks",
				);
				MARKETING_VERSION = 1.0;
				PRODUCT_BUNDLE_IDENTIFIER = com.victorg.NFCDEMO;
				PRODUCT_NAME = "$(TARGET_NAME)";
				SWIFT_EMIT_LOC_STRINGS = YES;
				SWIFT_VERSION = 5.0;
				TARGETED_DEVICE_FAMILY = "1,2";
			};
			name = Release;
		};
		A295EFC12CFB603F006398D3 /* Debug */ = {
			isa = XCBuildConfiguration;
			buildSettings = {
				ALWAYS_EMBED_SWIFT_STANDARD_LIBRARIES = YES;
				BUNDLE_LOADER = "$(TEST_HOST)";
				CODE_SIGN_STYLE = Automatic;
				CURRENT_PROJECT_VERSION = 1;
				GENERATE_INFOPLIST_FILE = YES;
				IPHONEOS_DEPLOYMENT_TARGET = 17.5;
				MARKETING_VERSION = 1.0;
				PRODUCT_BUNDLE_IDENTIFIER = com.victorg.NFCDEMOTests;
				PRODUCT_NAME = "$(TARGET_NAME)";
				SWIFT_EMIT_LOC_STRINGS = NO;
				SWIFT_VERSION = 5.0;
				TARGETED_DEVICE_FAMILY = "1,2";
				TEST_HOST = "$(BUILT_PRODUCTS_DIR)/NFCDEMO.app/$(BUNDLE_EXECUTABLE_FOLDER_PATH)/NFCDEMO";
			};
			name = Debug;
		};
		A295EFC22CFB603F006398D3 /* Release */ = {
			isa = XCBuildConfiguration;
			buildSettings = {
				ALWAYS_EMBED_SWIFT_STANDARD_LIBRARIES = YES;
				BUNDLE_LOADER = "$(TEST_HOST)";
				CODE_SIGN_STYLE = Automatic;
				CURRENT_PROJECT_VERSION = 1;
				GENERATE_INFOPLIST_FILE = YES;
				IPHONEOS_DEPLOYMENT_TARGET = 17.5;
				MARKETING_VERSION = 1.0;
				PRODUCT_BUNDLE_IDENTIFIER = com.victorg.NFCDEMOTests;
				PRODUCT_NAME = "$(TARGET_NAME)";
				SWIFT_EMIT_LOC_STRINGS = NO;
				SWIFT_VERSION = 5.0;
				TARGETED_DEVICE_FAMILY = "1,2";
				TEST_HOST = "$(BUILT_PRODUCTS_DIR)/NFCDEMO.app/$(BUNDLE_EXECUTABLE_FOLDER_PATH)/NFCDEMO";
			};
			name = Release;
		};
		A295EFC42CFB603F006398D3 /* Debug */ = {
			isa = XCBuildConfiguration;
			buildSettings = {
				ALWAYS_EMBED_SWIFT_STANDARD_LIBRARIES = YES;
				CODE_SIGN_STYLE = Automatic;
				CURRENT_PROJECT_VERSION = 1;
				GENERATE_INFOPLIST_FILE = YES;
				MARKETING_VERSION = 1.0;
				PRODUCT_BUNDLE_IDENTIFIER = com.victorg.NFCDEMOUITests;
				PRODUCT_NAME = "$(TARGET_NAME)";
				SWIFT_EMIT_LOC_STRINGS = NO;
				SWIFT_VERSION = 5.0;
				TARGETED_DEVICE_FAMILY = "1,2";
				TEST_TARGET_NAME = NFCDEMO;
			};
			name = Debug;
		};
		A295EFC52CFB603F006398D3 /* Release */ = {
			isa = XCBuildConfiguration;
			buildSettings = {
				ALWAYS_EMBED_SWIFT_STANDARD_LIBRARIES = YES;
				CODE_SIGN_STYLE = Automatic;
				CURRENT_PROJECT_VERSION = 1;
				GENERATE_INFOPLIST_FILE = YES;
				MARKETING_VERSION = 1.0;
				PRODUCT_BUNDLE_IDENTIFIER = com.victorg.NFCDEMOUITests;
				PRODUCT_NAME = "$(TARGET_NAME)";
				SWIFT_EMIT_LOC_STRINGS = NO;
				SWIFT_VERSION = 5.0;
				TARGETED_DEVICE_FAMILY = "1,2";
				TEST_TARGET_NAME = NFCDEMO;
			};
			name = Release;
		};
/* End XCBuildConfiguration section */

/* Begin XCConfigurationList section */
		A295EF942CFB603D006398D3 /* Build configuration list for PBXProject "NFCDEMO" */ = {
			isa = XCConfigurationList;
			buildConfigurations = (
				A295EFBB2CFB603F006398D3 /* Debug */,
				A295EFBC2CFB603F006398D3 /* Release */,
			);
			defaultConfigurationIsVisible = 0;
			defaultConfigurationName = Release;
		};
		A295EFBD2CFB603F006398D3 /* Build configuration list for PBXNativeTarget "NFCDEMO" */ = {
			isa = XCConfigurationList;
			buildConfigurations = (
				A295EFBE2CFB603F006398D3 /* Debug */,
				A295EFBF2CFB603F006398D3 /* Release */,
			);
			defaultConfigurationIsVisible = 0;
			defaultConfigurationName = Release;
		};
		A295EFC02CFB603F006398D3 /* Build configuration list for PBXNativeTarget "NFCDEMOTests" */ = {
			isa = XCConfigurationList;
			buildConfigurations = (
				A295EFC12CFB603F006398D3 /* Debug */,
				A295EFC22CFB603F006398D3 /* Release */,
			);
			defaultConfigurationIsVisible = 0;
			defaultConfigurationName = Release;
		};
		A295EFC32CFB603F006398D3 /* Build configuration list for PBXNativeTarget "NFCDEMOUITests" */ = {
			isa = XCConfigurationList;
			buildConfigurations = (
				A295EFC42CFB603F006398D3 /* Debug */,
				A295EFC52CFB603F006398D3 /* Release */,
			);
			defaultConfigurationIsVisible = 0;
			defaultConfigurationName = Release;
		};
/* End XCConfigurationList section */
	};
	rootObject = A295EF912CFB603D006398D3 /* Project object */;
}
